
Microsoft Visual Studio Solution File, Format Version 12.00
# Visual Studio Version 17
VisualStudioVersion = 17.0.32002.185
MinimumVisualStudioVersion = 10.0.40219.1
Project("{FAE04EC0-301F-11D3-BF4B-00C04F79EFBC}") = "CalculationsTest", "CalculationsTest\CalculationsTest.csproj", "{9478D99B-C3D1-4A54-B4E6-D9C9549765BE}"
EndProject
Project("{FAE04EC0-301F-11D3-BF4B-00C04F79EFBC}") = "CurrencyCalculation", "CurrencyCalculation\CurrencyCalculation.csproj", "{76FE1778-F3DD-451C-884B-2EA6A453E156}"
EndProject
Project("{FAE04EC0-301F-11D3-BF4B-00C04F79EFBC}") = "BalanceCalculationApp", "BalanceCalculationApp\BalanceCalculationApp.csproj", "{231532C5-A94A-4348-8AF4-D88B4D239D09}"
EndProject
Project("{2150E333-8FDC-42A3-9474-1A3956D46DE8}") = "Solution Items", "Solution Items", "{11A295A0-0AE0-41CC-9E9D-27B211B3C441}"
	ProjectSection(SolutionItems) = preProject
		Currencies.txt = Currencies.txt
		Readme.txt = Readme.txt
	EndProjectSection
EndProject
Global
	GlobalSection(SolutionConfigurationPlatforms) = preSolution
		Debug|Any CPU = Debug|Any CPU
		Release|Any CPU = Release|Any CPU
	EndGlobalSection
	GlobalSection(ProjectConfigurationPlatforms) = postSolution
		{9478D99B-C3D1-4A54-B4E6-D9C9549765BE}.Debug|Any CPU.ActiveCfg = Debug|Any CPU
		{9478D99B-C3D1-4A54-B4E6-D9C9549765BE}.Debug|Any CPU.Build.0 = Debug|Any CPU
		{9478D99B-C3D1-4A54-B4E6-D9C9549765BE}.Release|Any CPU.ActiveCfg = Release|Any CPU
		{9478D99B-C3D1-4A54-B4E6-D9C9549765BE}.Release|Any CPU.Build.0 = Release|Any CPU
		{76FE1778-F3DD-451C-884B-2EA6A453E156}.Debug|Any CPU.ActiveCfg = Debug|Any CPU
		{76FE1778-F3DD-451C-884B-2EA6A453E156}.Debug|Any CPU.Build.0 = Debug|Any CPU
		{76FE1778-F3DD-451C-884B-2EA6A453E156}.Release|Any CPU.ActiveCfg = Release|Any CPU
		{76FE1778-F3DD-451C-884B-2EA6A453E156}.Release|Any CPU.Build.0 = Release|Any CPU
		{231532C5-A94A-4348-8AF4-D88B4D239D09}.Debug|Any CPU.ActiveCfg = Debug|Any CPU
		{231532C5-A94A-4348-8AF4-D88B4D239D09}.Debug|Any CPU.Build.0 = Debug|Any CPU
		{231532C5-A94A-4348-8AF4-D88B4D239D09}.Release|Any CPU.ActiveCfg = Release|Any CPU
		{231532C5-A94A-4348-8AF4-D88B4D239D09}.Release|Any CPU.Build.0 = Release|Any CPU
	EndGlobalSection
	GlobalSection(SolutionProperties) = preSolution
		HideSolutionNode = FALSE
	EndGlobalSection
	GlobalSection(ExtensibilityGlobals) = postSolution
		SolutionGuid = {E02D5F52-93F6-4FC8-A0FA-DEDDE11394F2}
	EndGlobalSection
EndGlobal
